{
	"name": "@copyleaks/plagiarism-report",
	"version": "4.1.28",
	"lockfileVersion": 3,
	"requires": true,
	"packages": {
		"": {
			"name": "@copyleaks/plagiarism-report",
			"version": "4.1.28",
			"license": "SEE LICENSE IN LICENSE.md",
			"peerDependencies": {
				"@angular/common": "^13.1.1",
				"@angular/core": "^13.1.1",
				"@angular/flex-layout": "^13.0.0-beta.36",
				"@angular/material": "^13.1.1",
				"@ncstate/sat-popover": "^4.0.0",
				"@swimlane/ngx-charts": "^14.0.0",
				"deep-equal": "^1.1.1",
				"ngx-skeleton-loader": "^1.2.7",
				"ngx-virtual-scroller": "^4.0.3",
				"scroll-into-view-if-needed": "^2.2.28"
			}
		}
	}
}
